
Microsoft Visual Studio Solution File, Format Version 12.00
# Visual Studio 15
VisualStudioVersion = 15.0.26730.3
MinimumVisualStudioVersion = 10.0.40219.1
Project("{FAE04EC0-301F-11D3-BF4B-00C04F79EFBC}") = "TestValidation.Server", "TestValidation.Server\TestValidation.Server.csproj", "{CF36BF58-D08F-425A-9A6A-D0A86C506110}"
EndProject
Project("{FAE04EC0-301F-11D3-BF4B-00C04F79EFBC}") = "TestValidation.Client", "TestValidation.Client\TestValidation.Client.csproj", "{E90F3683-866F-47F4-9D4D-8C6E2F635EA4}"
EndProject
Project("{9A19103F-16F7-4668-BE54-9A1E7A4F7556}") = "TestValidation.Server.Core", "TestValidation.Server.Core\TestValidation.Server.Core.csproj", "{490B2BFA-E0DE-4F2F-B140-D2F1D5947D78}"
EndProject
Global
	GlobalSection(SolutionConfigurationPlatforms) = preSolution
		Debug|Any CPU = Debug|Any CPU
		Release|Any CPU = Release|Any CPU
	EndGlobalSection
	GlobalSection(ProjectConfigurationPlatforms) = postSolution
		{CF36BF58-D08F-425A-9A6A-D0A86C506110}.Debug|Any CPU.ActiveCfg = Debug|Any CPU
		{CF36BF58-D08F-425A-9A6A-D0A86C506110}.Debug|Any CPU.Build.0 = Debug|Any CPU
		{CF36BF58-D08F-425A-9A6A-D0A86C506110}.Release|Any CPU.ActiveCfg = Release|Any CPU
		{CF36BF58-D08F-425A-9A6A-D0A86C506110}.Release|Any CPU.Build.0 = Release|Any CPU
		{E90F3683-866F-47F4-9D4D-8C6E2F635EA4}.Debug|Any CPU.ActiveCfg = Debug|Any CPU
		{E90F3683-866F-47F4-9D4D-8C6E2F635EA4}.Debug|Any CPU.Build.0 = Debug|Any CPU
		{E90F3683-866F-47F4-9D4D-8C6E2F635EA4}.Release|Any CPU.ActiveCfg = Release|Any CPU
		{E90F3683-866F-47F4-9D4D-8C6E2F635EA4}.Release|Any CPU.Build.0 = Release|Any CPU
		{490B2BFA-E0DE-4F2F-B140-D2F1D5947D78}.Debug|Any CPU.ActiveCfg = Debug|Any CPU
		{490B2BFA-E0DE-4F2F-B140-D2F1D5947D78}.Debug|Any CPU.Build.0 = Debug|Any CPU
		{490B2BFA-E0DE-4F2F-B140-D2F1D5947D78}.Release|Any CPU.ActiveCfg = Release|Any CPU
		{490B2BFA-E0DE-4F2F-B140-D2F1D5947D78}.Release|Any CPU.Build.0 = Release|Any CPU
	EndGlobalSection
	GlobalSection(SolutionProperties) = preSolution
		HideSolutionNode = FALSE
	EndGlobalSection
	GlobalSection(ExtensibilityGlobals) = postSolution
		SolutionGuid = {9C713B68-DBA8-4B97-9F99-D4CB7C8D0FD9}
	EndGlobalSection
EndGlobal
